// !$*UTF8*$!
{
	archiveVersion = 1;
	classes = {
	};
	objectVersion = 77;
	objects = {

/* Begin PBXBuildFile section */
		00293CBBC4C6FE8A96200412 /* FileType in Frameworks */ = {isa = PBXBuildFile; productRef = 7410C581B06A6A5F9663B4CC /* FileType */; };
		07B4AAA96569C4663CAE1A7F /* MarkdownTheme.swift in Sources */ = {isa = PBXBuildFile; fileRef = A1A8BA27FF96144B1141281F /* MarkdownTheme.swift */; };
		07F1D34279D9B638D91B0AA7 /* MarkdownThemeTests.swift in Sources */ = {isa = PBXBuildFile; fileRef = 83FBF53FC258DD5C224DC030 /* MarkdownThemeTests.swift */; };
		0E5BC65A4C34D2C20A13C184 /* SyntaxTheme.swift in Sources */ = {isa = PBXBuildFile; fileRef = 01D864EB38F9DA2270E06F31 /* SyntaxTheme.swift */; };
		1046C44370268572EE44F2BA /* PreviewViewController.swift in Sources */ = {isa = PBXBuildFile; fileRef = 31F1EBA2B5AC2DA7FBD61F12 /* PreviewViewController.swift */; };
		1ADF709C413D3EF737BD00D6 /* SwiftMarkdownCore.swift in Sources */ = {isa = PBXBuildFile; fileRef = 327502C2C9568E4497D68E2D /* SwiftMarkdownCore.swift */; };
		1D4D4F6C986946DEFDBEE790 /* GrammarManagerTests.swift in Sources */ = {isa = PBXBuildFile; fileRef = 7B063556DF68B1428DE338C6 /* GrammarManagerTests.swift */; };
		2502100E7B8A3D970D3847E7 /* String+HTML.swift in Sources */ = {isa = PBXBuildFile; fileRef = 87150C18803EF1451036BBE8 /* String+HTML.swift */; };
		28C7EAAD57C22C342E915988 /* ParagraphRenderer.swift in Sources */ = {isa = PBXBuildFile; fileRef = E1FA1DEF225F14B6475A9BD9 /* ParagraphRenderer.swift */; };
		2A2BE085D8889759487C9567 /* HTMLElementRenderer.swift in Sources */ = {isa = PBXBuildFile; fileRef = F043600A2711212BC9399F70 /* HTMLElementRenderer.swift */; };
		36BD2E50E187FB530399C70F /* FileSystemProtocol.swift in Sources */ = {isa = PBXBuildFile; fileRef = 5BAC64F102E6C1A713326DED /* FileSystemProtocol.swift */; };
		3B8961A332EDA937BE9F8510 /* RenderContextTests.swift in Sources */ = {isa = PBXBuildFile; fileRef = DE376EFAA7321A761C511B45 /* RenderContextTests.swift */; };
		497FDC1338C5EF65407603A9 /* PlainTextRendererTests.swift in Sources */ = {isa = PBXBuildFile; fileRef = AE6EA9AC7D0321DC237CAA56 /* PlainTextRendererTests.swift */; };
		4AD0857EDCD7170E75955150 /* HTMLRenderer.swift in Sources */ = {isa = PBXBuildFile; fileRef = C92EEC01DFECF39F9FD67D25 /* HTMLRenderer.swift */; };
		4B765172AAD959C57FFDCB93 /* ImageValidatorTests.swift in Sources */ = {isa = PBXBuildFile; fileRef = F60124B861E67B3E2919B216 /* ImageValidatorTests.swift */; };
		54F77ED86A73956332B1BD16 /* ImageValidator.swift in Sources */ = {isa = PBXBuildFile; fileRef = 3E01F16278E86C893DE1324F /* ImageValidator.swift */; };
		5A3162197FD39082852C1554 /* GrammarManifestTests.swift in Sources */ = {isa = PBXBuildFile; fileRef = 8241641705639E7415FA4283 /* GrammarManifestTests.swift */; };
		5DEBE8F448112FD03EE248BD /* TreeSitterHighlighter.swift in Sources */ = {isa = PBXBuildFile; fileRef = E0CDD889C6D996E0721E08B1 /* TreeSitterHighlighter.swift */; };
		6369C1964EA36F2BFAD11691 /* highlight.css in Resources */ = {isa = PBXBuildFile; fileRef = 42761C721193A258C1ABC5E4 /* highlight.css */; };
		64165C72A942F3412114805D /* LazyTreeSitterHighlighter.swift in Sources */ = {isa = PBXBuildFile; fileRef = E8CB32C563CC962698340BF8 /* LazyTreeSitterHighlighter.swift */; };
		65192B878280A16BE6EBD7C2 /* SettingsManagerTests.swift in Sources */ = {isa = PBXBuildFile; fileRef = 02670C70052A0BFF18A3A2CF /* SettingsManagerTests.swift */; };
		664BD95A5D96DCD200287267 /* MarkdownFileValidatorTests.swift in Sources */ = {isa = PBXBuildFile; fileRef = E5F05025F27037503C6846C5 /* MarkdownFileValidatorTests.swift */; };
		670291E5C7A987E8FBECBC5B /* SwiftTreeSitter in Frameworks */ = {isa = PBXBuildFile; productRef = 49FDA8082BBBFFD3378F9F36 /* SwiftTreeSitter */; };
		6A821ED92389F95EA5BB666A /* RenderContext.swift in Sources */ = {isa = PBXBuildFile; fileRef = DEAE279D0E3DDB19CE02E809 /* RenderContext.swift */; };
		6F1693EF64350907439D32E1 /* MarkdownRenderer.swift in Sources */ = {isa = PBXBuildFile; fileRef = CC3C7E294336DAA8FA4C403E /* MarkdownRenderer.swift */; };
		7E4E0ADB9F632919888A92E7 /* SwiftMarkdownCore.framework in Embed Frameworks */ = {isa = PBXBuildFile; fileRef = 95F447A42C55828BB50C30B5 /* SwiftMarkdownCore.framework */; settings = {ATTRIBUTES = (CodeSignOnCopy, RemoveHeadersOnCopy, ); }; };
		8664876EDFD44FCB3F6F20AF /* SwiftMarkdownCoreTests.swift in Sources */ = {isa = PBXBuildFile; fileRef = D59B743B5EFB7435B9954AAA /* SwiftMarkdownCoreTests.swift */; };
		89384A0DDFE6F3B93B6E8983 /* SwiftMarkdownQuickLook.appex in Embed Foundation Extensions */ = {isa = PBXBuildFile; fileRef = 6567C09B42A4181208919050 /* SwiftMarkdownQuickLook.appex */; settings = {ATTRIBUTES = (RemoveHeadersOnCopy, ); }; };
		89FEE35070D2A1C17AB6421A /* Markdown in Frameworks */ = {isa = PBXBuildFile; productRef = F10350C361C31733946A2AFA /* Markdown */; };
		8C3CC2C3BD9A2E3829924968 /* LanguagesSettingsView.swift in Sources */ = {isa = PBXBuildFile; fileRef = 0A0A9589AEE5642AA8EDD742 /* LanguagesSettingsView.swift */; };
		8EC47975A4146FA9820BE9C6 /* GrammarManifest.swift in Sources */ = {isa = PBXBuildFile; fileRef = BCAAFBA7E1B67A000AC2B618 /* GrammarManifest.swift */; };
		8F28F142CAC5252C0731CA00 /* ParagraphRendererTests.swift in Sources */ = {isa = PBXBuildFile; fileRef = AB5CD8FE780796690BC1B270 /* ParagraphRendererTests.swift */; };
		91AE9B4B84FEDF679211AC2C /* GrammarManager.swift in Sources */ = {isa = PBXBuildFile; fileRef = CD3CDE3FFECEED6781027B84 /* GrammarManager.swift */; };
		995579FCC7904D20D478CAFE /* DocumentViewModel.swift in Sources */ = {isa = PBXBuildFile; fileRef = FBDAD7D77917A5FE54AA5EEC /* DocumentViewModel.swift */; };
		9BC7D5E80962F3FB38E4A7FB /* MarkdownParser.swift in Sources */ = {isa = PBXBuildFile; fileRef = DACBD54BE4C8A5E5D4E205F0 /* MarkdownParser.swift */; };
		9C2B9CA834D9FBFA2B467B8C /* SyntaxHighlighterTests.swift in Sources */ = {isa = PBXBuildFile; fileRef = C5D9247F726F851B63E511B7 /* SyntaxHighlighterTests.swift */; };
		A02C25D7D5EB7A7FA04FA3A2 /* SwiftMarkdownCore.framework in Frameworks */ = {isa = PBXBuildFile; fileRef = 95F447A42C55828BB50C30B5 /* SwiftMarkdownCore.framework */; };
		AF8F0684CF16EC5EF970B62D /* DropCapturingWebViewContainer.swift in Sources */ = {isa = PBXBuildFile; fileRef = 3401AC69BB54A1B91FB67575 /* DropCapturingWebViewContainer.swift */; };
		B62DA1212D7023532FE54785 /* MarkdownFileValidator.swift in Sources */ = {isa = PBXBuildFile; fileRef = FE00EC83B9FE79ABD2F975B2 /* MarkdownFileValidator.swift */; };
		B6BAEE9D266B0B4E25F36503 /* SyntaxThemeTests.swift in Sources */ = {isa = PBXBuildFile; fileRef = 5A5BCE3B3DF1F9E273618397 /* SyntaxThemeTests.swift */; };
		B92C700D2386D46D2189E346 /* StringHTMLTests.swift in Sources */ = {isa = PBXBuildFile; fileRef = C6BA59B73EF3AAC7F3AF2274 /* StringHTMLTests.swift */; };
		BA340EFAC205E3C8B13F4703 /* HeadingRenderer.swift in Sources */ = {isa = PBXBuildFile; fileRef = AAD5D435CF1AD986041106BF /* HeadingRenderer.swift */; };
		BA7F9CF67F2CA0DD3BF41A89 /* SwiftMarkdownApp.swift in Sources */ = {isa = PBXBuildFile; fileRef = DC245DFE823E1914F1368A1C /* SwiftMarkdownApp.swift */; };
		BB50D8E05328216766C5515F /* SwiftMarkdownCore.framework in Frameworks */ = {isa = PBXBuildFile; fileRef = 95F447A42C55828BB50C30B5 /* SwiftMarkdownCore.framework */; };
		BD1C8594B820A638E7A7CE2E /* MarkdownWebView.swift in Sources */ = {isa = PBXBuildFile; fileRef = CEC8CA1672656602F42D2D15 /* MarkdownWebView.swift */; };
		BD9282D7285DD285D40B7411 /* GrammarError.swift in Sources */ = {isa = PBXBuildFile; fileRef = 5441AA30AEECE5EDC9A59126 /* GrammarError.swift */; };
		BFA78EFE0811FC9BB1CCA532 /* AsyncHTMLWalker.swift in Sources */ = {isa = PBXBuildFile; fileRef = 60DAB9333ACF98FC398657DF /* AsyncHTMLWalker.swift */; };
		C3B167FD38C733B112E277FF /* ContentView.swift in Sources */ = {isa = PBXBuildFile; fileRef = B5BB6B52D45ED0A11407D90A /* ContentView.swift */; };
		C4F792554A8EB669109AD412 /* MarkdownParserTests.swift in Sources */ = {isa = PBXBuildFile; fileRef = D89DC4E84AA6CB7A55815B7F /* MarkdownParserTests.swift */; };
		CBEBB2FA9092AD797D0FF830 /* Assets.xcassets in Resources */ = {isa = PBXBuildFile; fileRef = 1D5E5838A8AEC4E0FDC523A2 /* Assets.xcassets */; };
		CE41789129144C3BD9A4413F /* GrammarLoader.swift in Sources */ = {isa = PBXBuildFile; fileRef = E7F436562B096EB84F996FEC /* GrammarLoader.swift */; };
		D35E9EA520E2F843B036FE55 /* SwiftMarkdownCore.framework in Embed Frameworks */ = {isa = PBXBuildFile; fileRef = 95F447A42C55828BB50C30B5 /* SwiftMarkdownCore.framework */; settings = {ATTRIBUTES = (CodeSignOnCopy, RemoveHeadersOnCopy, ); }; };
		DCA77A3E20FB950CDEBA1EAE /* LanguagesViewModel.swift in Sources */ = {isa = PBXBuildFile; fileRef = F4E51AFAE35D9D543BD08E09 /* LanguagesViewModel.swift */; };
		E7D3884E4639CDCC92F60336 /* TreeSitterTokenProcessor.swift in Sources */ = {isa = PBXBuildFile; fileRef = FF604651588D4469963B07EA /* TreeSitterTokenProcessor.swift */; };
		E7DC039E672A8522E18C7785 /* MarkdownElementRenderer.swift in Sources */ = {isa = PBXBuildFile; fileRef = 0C813CBA11576B44D762E7DB /* MarkdownElementRenderer.swift */; };
		EA230962EBA9CC4D80D931C7 /* HeadingRendererTests.swift in Sources */ = {isa = PBXBuildFile; fileRef = 80EFEC18875BBF78E7B47009 /* HeadingRendererTests.swift */; };
		EB764BC34358D77079283071 /* SettingsManager.swift in Sources */ = {isa = PBXBuildFile; fileRef = 5CC9349E626F73A9860EEAF9 /* SettingsManager.swift */; };
		EDB84B1B268301165FBDCB45 /* HTMLRendererTests.swift in Sources */ = {isa = PBXBuildFile; fileRef = CC0732F7FFFF2CB2CA3AAF34 /* HTMLRendererTests.swift */; };
		F3620E5B6496C3C6425AB0D6 /* Settings.swift in Sources */ = {isa = PBXBuildFile; fileRef = 308323B184C4405BE95A6BC0 /* Settings.swift */; };
		F3C0DBD72E43F100AE91CECE /* SyntaxHighlighter.swift in Sources */ = {isa = PBXBuildFile; fileRef = 0870ADD570D5EF2C00DA1C40 /* SyntaxHighlighter.swift */; };
		F6E7533793D2B14E0BD4DF7F /* PlainTextRenderer.swift in Sources */ = {isa = PBXBuildFile; fileRef = 09AA4F3A79326A0FCC93CA54 /* PlainTextRenderer.swift */; };
		F74070484EECFB2EC5C787D6 /* SwiftMarkdownCore.framework in Frameworks */ = {isa = PBXBuildFile; fileRef = 95F447A42C55828BB50C30B5 /* SwiftMarkdownCore.framework */; };
/* End PBXBuildFile section */

/* Begin PBXContainerItemProxy section */
		134190C903BF47443118C006 /* PBXContainerItemProxy */ = {
			isa = PBXContainerItemProxy;
			containerPortal = 6D684C0DBF64172F57BB69B6 /* Project object */;
			proxyType = 1;
			remoteGlobalIDString = C4D64C271ABD6F2AB6DF7788;
			remoteInfo = SwiftMarkdown;
		};
		4F58010FA1D5CB3731A23AF5 /* PBXContainerItemProxy */ = {
			isa = PBXContainerItemProxy;
			containerPortal = 6D684C0DBF64172F57BB69B6 /* Project object */;
			proxyType = 1;
			remoteGlobalIDString = C0F52A4134B7C5A59539CAF4;
			remoteInfo = SwiftMarkdownQuickLook;
		};
		B5306F5AEC1365BC18A5D106 /* PBXContainerItemProxy */ = {
			isa = PBXContainerItemProxy;
			containerPortal = 6D684C0DBF64172F57BB69B6 /* Project object */;
			proxyType = 1;
			remoteGlobalIDString = 9B676B813F4457767303D496;
			remoteInfo = SwiftMarkdownCore;
		};
		CF119784FCE18A5539994EFD /* PBXContainerItemProxy */ = {
			isa = PBXContainerItemProxy;
			containerPortal = 6D684C0DBF64172F57BB69B6 /* Project object */;
			proxyType = 1;
			remoteGlobalIDString = 9B676B813F4457767303D496;
			remoteInfo = SwiftMarkdownCore;
		};
		D3CDB38F47B967389B640BA8 /* PBXContainerItemProxy */ = {
			isa = PBXContainerItemProxy;
			containerPortal = 6D684C0DBF64172F57BB69B6 /* Project object */;
			proxyType = 1;
			remoteGlobalIDString = 9B676B813F4457767303D496;
			remoteInfo = SwiftMarkdownCore;
		};
/* End PBXContainerItemProxy section */

/* Begin PBXCopyFilesBuildPhase section */
		2ED1816DFEE37359E61C6044 /* Embed Frameworks */ = {
			isa = PBXCopyFilesBuildPhase;
			buildActionMask = 2147483647;
			dstPath = "";
			dstSubfolderSpec = 10;
			files = (
				D35E9EA520E2F843B036FE55 /* SwiftMarkdownCore.framework in Embed Frameworks */,
			);
			name = "Embed Frameworks";
			runOnlyForDeploymentPostprocessing = 0;
		};
		3C0C06074F9CD8E4F9523876 /* Embed Foundation Extensions */ = {
			isa = PBXCopyFilesBuildPhase;
			buildActionMask = 2147483647;
			dstPath = "";
			dstSubfolderSpec = 13;
			files = (
				89384A0DDFE6F3B93B6E8983 /* SwiftMarkdownQuickLook.appex in Embed Foundation Extensions */,
			);
			name = "Embed Foundation Extensions";
			runOnlyForDeploymentPostprocessing = 0;
		};
		C07F1C10741F8ED3EC68ACCE /* Embed Frameworks */ = {
			isa = PBXCopyFilesBuildPhase;
			buildActionMask = 2147483647;
			dstPath = "";
			dstSubfolderSpec = 10;
			files = (
				7E4E0ADB9F632919888A92E7 /* SwiftMarkdownCore.framework in Embed Frameworks */,
			);
			name = "Embed Frameworks";
			runOnlyForDeploymentPostprocessing = 0;
		};
/* End PBXCopyFilesBuildPhase section */

/* Begin PBXFileReference section */
		01D864EB38F9DA2270E06F31 /* SyntaxTheme.swift */ = {isa = PBXFileReference; lastKnownFileType = sourcecode.swift; path = SyntaxTheme.swift; sourceTree = "<group>"; };
		02670C70052A0BFF18A3A2CF /* SettingsManagerTests.swift */ = {isa = PBXFileReference; lastKnownFileType = sourcecode.swift; path = SettingsManagerTests.swift; sourceTree = "<group>"; };
		0870ADD570D5EF2C00DA1C40 /* SyntaxHighlighter.swift */ = {isa = PBXFileReference; lastKnownFileType = sourcecode.swift; path = SyntaxHighlighter.swift; sourceTree = "<group>"; };
		09AA4F3A79326A0FCC93CA54 /* PlainTextRenderer.swift */ = {isa = PBXFileReference; lastKnownFileType = sourcecode.swift; path = PlainTextRenderer.swift; sourceTree = "<group>"; };
		0A0A9589AEE5642AA8EDD742 /* LanguagesSettingsView.swift */ = {isa = PBXFileReference; lastKnownFileType = sourcecode.swift; path = LanguagesSettingsView.swift; sourceTree = "<group>"; };
		0C813CBA11576B44D762E7DB /* MarkdownElementRenderer.swift */ = {isa = PBXFileReference; lastKnownFileType = sourcecode.swift; path = MarkdownElementRenderer.swift; sourceTree = "<group>"; };
		1D5E5838A8AEC4E0FDC523A2 /* Assets.xcassets */ = {isa = PBXFileReference; lastKnownFileType = folder.assetcatalog; path = Assets.xcassets; sourceTree = "<group>"; };
		308323B184C4405BE95A6BC0 /* Settings.swift */ = {isa = PBXFileReference; lastKnownFileType = sourcecode.swift; path = Settings.swift; sourceTree = "<group>"; };
		31F1EBA2B5AC2DA7FBD61F12 /* PreviewViewController.swift */ = {isa = PBXFileReference; lastKnownFileType = sourcecode.swift; path = PreviewViewController.swift; sourceTree = "<group>"; };
		327502C2C9568E4497D68E2D /* SwiftMarkdownCore.swift */ = {isa = PBXFileReference; lastKnownFileType = sourcecode.swift; path = SwiftMarkdownCore.swift; sourceTree = "<group>"; };
		3401AC69BB54A1B91FB67575 /* DropCapturingWebViewContainer.swift */ = {isa = PBXFileReference; lastKnownFileType = sourcecode.swift; path = DropCapturingWebViewContainer.swift; sourceTree = "<group>"; };
		3780132CA9FEA0CDFEEA695B /* SwiftMarkdown.app */ = {isa = PBXFileReference; explicitFileType = wrapper.application; includeInIndex = 0; path = SwiftMarkdown.app; sourceTree = BUILT_PRODUCTS_DIR; };
		3BC2CEE945099FDCED3EEFCD /* Info.plist */ = {isa = PBXFileReference; lastKnownFileType = text.plist; path = Info.plist; sourceTree = "<group>"; };
		3E01F16278E86C893DE1324F /* ImageValidator.swift */ = {isa = PBXFileReference; lastKnownFileType = sourcecode.swift; path = ImageValidator.swift; sourceTree = "<group>"; };
		42761C721193A258C1ABC5E4 /* highlight.css */ = {isa = PBXFileReference; lastKnownFileType = text.css; path = highlight.css; sourceTree = "<group>"; };
		5441AA30AEECE5EDC9A59126 /* GrammarError.swift */ = {isa = PBXFileReference; lastKnownFileType = sourcecode.swift; path = GrammarError.swift; sourceTree = "<group>"; };
		586261D1054B4DCE992C88D3 /* SwiftMarkdownTests.xctest */ = {isa = PBXFileReference; explicitFileType = wrapper.cfbundle; includeInIndex = 0; path = SwiftMarkdownTests.xctest; sourceTree = BUILT_PRODUCTS_DIR; };
		5A5BCE3B3DF1F9E273618397 /* SyntaxThemeTests.swift */ = {isa = PBXFileReference; lastKnownFileType = sourcecode.swift; path = SyntaxThemeTests.swift; sourceTree = "<group>"; };
		5BAC64F102E6C1A713326DED /* FileSystemProtocol.swift */ = {isa = PBXFileReference; lastKnownFileType = sourcecode.swift; path = FileSystemProtocol.swift; sourceTree = "<group>"; };
		5CC9349E626F73A9860EEAF9 /* SettingsManager.swift */ = {isa = PBXFileReference; lastKnownFileType = sourcecode.swift; path = SettingsManager.swift; sourceTree = "<group>"; };
		60DAB9333ACF98FC398657DF /* AsyncHTMLWalker.swift */ = {isa = PBXFileReference; lastKnownFileType = sourcecode.swift; path = AsyncHTMLWalker.swift; sourceTree = "<group>"; };
		6567C09B42A4181208919050 /* SwiftMarkdownQuickLook.appex */ = {isa = PBXFileReference; explicitFileType = "wrapper.app-extension"; includeInIndex = 0; path = SwiftMarkdownQuickLook.appex; sourceTree = BUILT_PRODUCTS_DIR; };
		7849291C823F0BF4608BF436 /* SwiftMarkdown.entitlements */ = {isa = PBXFileReference; lastKnownFileType = text.plist.entitlements; path = SwiftMarkdown.entitlements; sourceTree = "<group>"; };
		7896D51841ECD93C0A8119A0 /* Info.plist */ = {isa = PBXFileReference; lastKnownFileType = text.plist; path = Info.plist; sourceTree = "<group>"; };
		7B063556DF68B1428DE338C6 /* GrammarManagerTests.swift */ = {isa = PBXFileReference; lastKnownFileType = sourcecode.swift; path = GrammarManagerTests.swift; sourceTree = "<group>"; };
		80EFEC18875BBF78E7B47009 /* HeadingRendererTests.swift */ = {isa = PBXFileReference; lastKnownFileType = sourcecode.swift; path = HeadingRendererTests.swift; sourceTree = "<group>"; };
		8241641705639E7415FA4283 /* GrammarManifestTests.swift */ = {isa = PBXFileReference; lastKnownFileType = sourcecode.swift; path = GrammarManifestTests.swift; sourceTree = "<group>"; };
		83CD477C1EE8C81739449627 /* Info.plist */ = {isa = PBXFileReference; lastKnownFileType = text.plist; path = Info.plist; sourceTree = "<group>"; };
		83FBF53FC258DD5C224DC030 /* MarkdownThemeTests.swift */ = {isa = PBXFileReference; lastKnownFileType = sourcecode.swift; path = MarkdownThemeTests.swift; sourceTree = "<group>"; };
		87150C18803EF1451036BBE8 /* String+HTML.swift */ = {isa = PBXFileReference; lastKnownFileType = sourcecode.swift; path = "String+HTML.swift"; sourceTree = "<group>"; };
		95F447A42C55828BB50C30B5 /* SwiftMarkdownCore.framework */ = {isa = PBXFileReference; explicitFileType = wrapper.framework; includeInIndex = 0; path = SwiftMarkdownCore.framework; sourceTree = BUILT_PRODUCTS_DIR; };
		9B786F7F67635FFA4DB2D52B /* Info.plist */ = {isa = PBXFileReference; lastKnownFileType = text.plist; path = Info.plist; sourceTree = "<group>"; };
		A1A8BA27FF96144B1141281F /* MarkdownTheme.swift */ = {isa = PBXFileReference; lastKnownFileType = sourcecode.swift; path = MarkdownTheme.swift; sourceTree = "<group>"; };
		AAD5D435CF1AD986041106BF /* HeadingRenderer.swift */ = {isa = PBXFileReference; lastKnownFileType = sourcecode.swift; path = HeadingRenderer.swift; sourceTree = "<group>"; };
		AB5CD8FE780796690BC1B270 /* ParagraphRendererTests.swift */ = {isa = PBXFileReference; lastKnownFileType = sourcecode.swift; path = ParagraphRendererTests.swift; sourceTree = "<group>"; };
		AE6EA9AC7D0321DC237CAA56 /* PlainTextRendererTests.swift */ = {isa = PBXFileReference; lastKnownFileType = sourcecode.swift; path = PlainTextRendererTests.swift; sourceTree = "<group>"; };
		B5BB6B52D45ED0A11407D90A /* ContentView.swift */ = {isa = PBXFileReference; lastKnownFileType = sourcecode.swift; path = ContentView.swift; sourceTree = "<group>"; };
		BCAAFBA7E1B67A000AC2B618 /* GrammarManifest.swift */ = {isa = PBXFileReference; lastKnownFileType = sourcecode.swift; path = GrammarManifest.swift; sourceTree = "<group>"; };
		C5D9247F726F851B63E511B7 /* SyntaxHighlighterTests.swift */ = {isa = PBXFileReference; lastKnownFileType = sourcecode.swift; path = SyntaxHighlighterTests.swift; sourceTree = "<group>"; };
		C6BA59B73EF3AAC7F3AF2274 /* StringHTMLTests.swift */ = {isa = PBXFileReference; lastKnownFileType = sourcecode.swift; path = StringHTMLTests.swift; sourceTree = "<group>"; };
		C92EEC01DFECF39F9FD67D25 /* HTMLRenderer.swift */ = {isa = PBXFileReference; lastKnownFileType = sourcecode.swift; path = HTMLRenderer.swift; sourceTree = "<group>"; };
		CC0732F7FFFF2CB2CA3AAF34 /* HTMLRendererTests.swift */ = {isa = PBXFileReference; lastKnownFileType = sourcecode.swift; path = HTMLRendererTests.swift; sourceTree = "<group>"; };
		CC3C7E294336DAA8FA4C403E /* MarkdownRenderer.swift */ = {isa = PBXFileReference; lastKnownFileType = sourcecode.swift; path = MarkdownRenderer.swift; sourceTree = "<group>"; };
		CD3CDE3FFECEED6781027B84 /* GrammarManager.swift */ = {isa = PBXFileReference; lastKnownFileType = sourcecode.swift; path = GrammarManager.swift; sourceTree = "<group>"; };
		CEC8CA1672656602F42D2D15 /* MarkdownWebView.swift */ = {isa = PBXFileReference; lastKnownFileType = sourcecode.swift; path = MarkdownWebView.swift; sourceTree = "<group>"; };
		D59B743B5EFB7435B9954AAA /* SwiftMarkdownCoreTests.swift */ = {isa = PBXFileReference; lastKnownFileType = sourcecode.swift; path = SwiftMarkdownCoreTests.swift; sourceTree = "<group>"; };
		D89DC4E84AA6CB7A55815B7F /* MarkdownParserTests.swift */ = {isa = PBXFileReference; lastKnownFileType = sourcecode.swift; path = MarkdownParserTests.swift; sourceTree = "<group>"; };
		DACBD54BE4C8A5E5D4E205F0 /* MarkdownParser.swift */ = {isa = PBXFileReference; lastKnownFileType = sourcecode.swift; path = MarkdownParser.swift; sourceTree = "<group>"; };
		DC245DFE823E1914F1368A1C /* SwiftMarkdownApp.swift */ = {isa = PBXFileReference; lastKnownFileType = sourcecode.swift; path = SwiftMarkdownApp.swift; sourceTree = "<group>"; };
		DE376EFAA7321A761C511B45 /* RenderContextTests.swift */ = {isa = PBXFileReference; lastKnownFileType = sourcecode.swift; path = RenderContextTests.swift; sourceTree = "<group>"; };
		DEAE279D0E3DDB19CE02E809 /* RenderContext.swift */ = {isa = PBXFileReference; lastKnownFileType = sourcecode.swift; path = RenderContext.swift; sourceTree = "<group>"; };
		E0CDD889C6D996E0721E08B1 /* TreeSitterHighlighter.swift */ = {isa = PBXFileReference; lastKnownFileType = sourcecode.swift; path = TreeSitterHighlighter.swift; sourceTree = "<group>"; };
		E1FA1DEF225F14B6475A9BD9 /* ParagraphRenderer.swift */ = {isa = PBXFileReference; lastKnownFileType = sourcecode.swift; path = ParagraphRenderer.swift; sourceTree = "<group>"; };
		E5F05025F27037503C6846C5 /* MarkdownFileValidatorTests.swift */ = {isa = PBXFileReference; lastKnownFileType = sourcecode.swift; path = MarkdownFileValidatorTests.swift; sourceTree = "<group>"; };
		E7F436562B096EB84F996FEC /* GrammarLoader.swift */ = {isa = PBXFileReference; lastKnownFileType = sourcecode.swift; path = GrammarLoader.swift; sourceTree = "<group>"; };
		E8CB32C563CC962698340BF8 /* LazyTreeSitterHighlighter.swift */ = {isa = PBXFileReference; lastKnownFileType = sourcecode.swift; path = LazyTreeSitterHighlighter.swift; sourceTree = "<group>"; };
		F043600A2711212BC9399F70 /* HTMLElementRenderer.swift */ = {isa = PBXFileReference; lastKnownFileType = sourcecode.swift; path = HTMLElementRenderer.swift; sourceTree = "<group>"; };
		F4E51AFAE35D9D543BD08E09 /* LanguagesViewModel.swift */ = {isa = PBXFileReference; lastKnownFileType = sourcecode.swift; path = LanguagesViewModel.swift; sourceTree = "<group>"; };
		F60124B861E67B3E2919B216 /* ImageValidatorTests.swift */ = {isa = PBXFileReference; lastKnownFileType = sourcecode.swift; path = ImageValidatorTests.swift; sourceTree = "<group>"; };
		FBDAD7D77917A5FE54AA5EEC /* DocumentViewModel.swift */ = {isa = PBXFileReference; lastKnownFileType = sourcecode.swift; path = DocumentViewModel.swift; sourceTree = "<group>"; };
		FE00EC83B9FE79ABD2F975B2 /* MarkdownFileValidator.swift */ = {isa = PBXFileReference; lastKnownFileType = sourcecode.swift; path = MarkdownFileValidator.swift; sourceTree = "<group>"; };
		FF604651588D4469963B07EA /* TreeSitterTokenProcessor.swift */ = {isa = PBXFileReference; lastKnownFileType = sourcecode.swift; path = TreeSitterTokenProcessor.swift; sourceTree = "<group>"; };
/* End PBXFileReference section */

/* Begin PBXFrameworksBuildPhase section */
		57EDBB9729EF5272E8135C65 /* Frameworks */ = {
			isa = PBXFrameworksBuildPhase;
			buildActionMask = 2147483647;
			files = (
				A02C25D7D5EB7A7FA04FA3A2 /* SwiftMarkdownCore.framework in Frameworks */,
			);
			runOnlyForDeploymentPostprocessing = 0;
		};
		AD02521113B76E787C8AED62 /* Frameworks */ = {
			isa = PBXFrameworksBuildPhase;
			buildActionMask = 2147483647;
			files = (
				BB50D8E05328216766C5515F /* SwiftMarkdownCore.framework in Frameworks */,
			);
			runOnlyForDeploymentPostprocessing = 0;
		};
		DDA593888ADCD89036A7A925 /* Frameworks */ = {
			isa = PBXFrameworksBuildPhase;
			buildActionMask = 2147483647;
			files = (
				89FEE35070D2A1C17AB6421A /* Markdown in Frameworks */,
				670291E5C7A987E8FBECBC5B /* SwiftTreeSitter in Frameworks */,
				00293CBBC4C6FE8A96200412 /* FileType in Frameworks */,
			);
			runOnlyForDeploymentPostprocessing = 0;
		};
		F78548C902DC62FDF7E23A54 /* Frameworks */ = {
			isa = PBXFrameworksBuildPhase;
			buildActionMask = 2147483647;
			files = (
				F74070484EECFB2EC5C787D6 /* SwiftMarkdownCore.framework in Frameworks */,
			);
			runOnlyForDeploymentPostprocessing = 0;
		};
/* End PBXFrameworksBuildPhase section */

/* Begin PBXGroup section */
		1A3364A97FAE0960421FF3F0 = {
			isa = PBXGroup;
			children = (
				9AA6EB949A275C4B3F588ECD /* SwiftMarkdown */,
				C180C18664E0BEDFF8E6FC94 /* SwiftMarkdownCore */,
				479CC66ADDAD0CCC549BD837 /* SwiftMarkdownQuickLook */,
				EE46B3B0894560244A3035ED /* SwiftMarkdownTests */,
				D5DEA205A88634C80F940D38 /* Products */,
			);
			sourceTree = "<group>";
		};
		479CC66ADDAD0CCC549BD837 /* SwiftMarkdownQuickLook */ = {
			isa = PBXGroup;
			children = (
				83CD477C1EE8C81739449627 /* Info.plist */,
				31F1EBA2B5AC2DA7FBD61F12 /* PreviewViewController.swift */,
			);
			path = SwiftMarkdownQuickLook;
			sourceTree = "<group>";
		};
		628FF2421AE9F6F26C147A2D /* Settings */ = {
			isa = PBXGroup;
			children = (
				0A0A9589AEE5642AA8EDD742 /* LanguagesSettingsView.swift */,
				F4E51AFAE35D9D543BD08E09 /* LanguagesViewModel.swift */,
			);
			path = Settings;
			sourceTree = "<group>";
		};
		65FBBEE2C660B7670670C8FD /* NativeRendering */ = {
			isa = PBXGroup;
			children = (
				AAD5D435CF1AD986041106BF /* HeadingRenderer.swift */,
				0C813CBA11576B44D762E7DB /* MarkdownElementRenderer.swift */,
				A1A8BA27FF96144B1141281F /* MarkdownTheme.swift */,
				E1FA1DEF225F14B6475A9BD9 /* ParagraphRenderer.swift */,
				DEAE279D0E3DDB19CE02E809 /* RenderContext.swift */,
			);
			path = NativeRendering;
			sourceTree = "<group>";
		};
		6CF0A81CBFB87846AF2CCB79 /* Rendering */ = {
			isa = PBXGroup;
			children = (
				60DAB9333ACF98FC398657DF /* AsyncHTMLWalker.swift */,
				F043600A2711212BC9399F70 /* HTMLElementRenderer.swift */,
				C92EEC01DFECF39F9FD67D25 /* HTMLRenderer.swift */,
				CC3C7E294336DAA8FA4C403E /* MarkdownRenderer.swift */,
				09AA4F3A79326A0FCC93CA54 /* PlainTextRenderer.swift */,
			);
			path = Rendering;
			sourceTree = "<group>";
		};
		7EC75CB94AF4E588B3655B20 /* Resources */ = {
			isa = PBXGroup;
			children = (
				42761C721193A258C1ABC5E4 /* highlight.css */,
			);
			path = Resources;
			sourceTree = "<group>";
		};
		91578A0605938A8CFA7C6EA3 /* Settings */ = {
			isa = PBXGroup;
			children = (
				5BAC64F102E6C1A713326DED /* FileSystemProtocol.swift */,
				308323B184C4405BE95A6BC0 /* Settings.swift */,
				5CC9349E626F73A9860EEAF9 /* SettingsManager.swift */,
			);
			path = Settings;
			sourceTree = "<group>";
		};
		9AA6EB949A275C4B3F588ECD /* SwiftMarkdown */ = {
			isa = PBXGroup;
			children = (
				1D5E5838A8AEC4E0FDC523A2 /* Assets.xcassets */,
				B5BB6B52D45ED0A11407D90A /* ContentView.swift */,
				FBDAD7D77917A5FE54AA5EEC /* DocumentViewModel.swift */,
				3401AC69BB54A1B91FB67575 /* DropCapturingWebViewContainer.swift */,
				3BC2CEE945099FDCED3EEFCD /* Info.plist */,
				CEC8CA1672656602F42D2D15 /* MarkdownWebView.swift */,
				7849291C823F0BF4608BF436 /* SwiftMarkdown.entitlements */,
				DC245DFE823E1914F1368A1C /* SwiftMarkdownApp.swift */,
				628FF2421AE9F6F26C147A2D /* Settings */,
			);
			path = SwiftMarkdown;
			sourceTree = "<group>";
		};
		AF34805A2D1689DE9AEA6290 /* SyntaxHighlighting */ = {
			isa = PBXGroup;
			children = (
				5441AA30AEECE5EDC9A59126 /* GrammarError.swift */,
				E7F436562B096EB84F996FEC /* GrammarLoader.swift */,
				CD3CDE3FFECEED6781027B84 /* GrammarManager.swift */,
				BCAAFBA7E1B67A000AC2B618 /* GrammarManifest.swift */,
				E8CB32C563CC962698340BF8 /* LazyTreeSitterHighlighter.swift */,
				0870ADD570D5EF2C00DA1C40 /* SyntaxHighlighter.swift */,
				E0CDD889C6D996E0721E08B1 /* TreeSitterHighlighter.swift */,
				FF604651588D4469963B07EA /* TreeSitterTokenProcessor.swift */,
			);
			path = SyntaxHighlighting;
			sourceTree = "<group>";
		};
		C180C18664E0BEDFF8E6FC94 /* SwiftMarkdownCore */ = {
			isa = PBXGroup;
			children = (
				7896D51841ECD93C0A8119A0 /* Info.plist */,
				DACBD54BE4C8A5E5D4E205F0 /* MarkdownParser.swift */,
				327502C2C9568E4497D68E2D /* SwiftMarkdownCore.swift */,
				EC8D33E3CF310183FC6EBC29 /* ImageValidation */,
				65FBBEE2C660B7670670C8FD /* NativeRendering */,
				6CF0A81CBFB87846AF2CCB79 /* Rendering */,
				7EC75CB94AF4E588B3655B20 /* Resources */,
				91578A0605938A8CFA7C6EA3 /* Settings */,
				AF34805A2D1689DE9AEA6290 /* SyntaxHighlighting */,
				CAEF476CC89E8866F9857693 /* Themes */,
				F84C4F8533DF1CF71F946E4A /* Utilities */,
			);
			path = SwiftMarkdownCore;
			sourceTree = "<group>";
		};
		CAEF476CC89E8866F9857693 /* Themes */ = {
			isa = PBXGroup;
			children = (
				01D864EB38F9DA2270E06F31 /* SyntaxTheme.swift */,
			);
			path = Themes;
			sourceTree = "<group>";
		};
		D5DEA205A88634C80F940D38 /* Products */ = {
			isa = PBXGroup;
			children = (
				3780132CA9FEA0CDFEEA695B /* SwiftMarkdown.app */,
				95F447A42C55828BB50C30B5 /* SwiftMarkdownCore.framework */,
				6567C09B42A4181208919050 /* SwiftMarkdownQuickLook.appex */,
				586261D1054B4DCE992C88D3 /* SwiftMarkdownTests.xctest */,
			);
			name = Products;
			sourceTree = "<group>";
		};
		EC8D33E3CF310183FC6EBC29 /* ImageValidation */ = {
			isa = PBXGroup;
			children = (
				3E01F16278E86C893DE1324F /* ImageValidator.swift */,
			);
			path = ImageValidation;
			sourceTree = "<group>";
		};
		EE46B3B0894560244A3035ED /* SwiftMarkdownTests */ = {
			isa = PBXGroup;
			children = (
				7B063556DF68B1428DE338C6 /* GrammarManagerTests.swift */,
				8241641705639E7415FA4283 /* GrammarManifestTests.swift */,
				80EFEC18875BBF78E7B47009 /* HeadingRendererTests.swift */,
				CC0732F7FFFF2CB2CA3AAF34 /* HTMLRendererTests.swift */,
				F60124B861E67B3E2919B216 /* ImageValidatorTests.swift */,
				9B786F7F67635FFA4DB2D52B /* Info.plist */,
				E5F05025F27037503C6846C5 /* MarkdownFileValidatorTests.swift */,
				D89DC4E84AA6CB7A55815B7F /* MarkdownParserTests.swift */,
				83FBF53FC258DD5C224DC030 /* MarkdownThemeTests.swift */,
				AB5CD8FE780796690BC1B270 /* ParagraphRendererTests.swift */,
				AE6EA9AC7D0321DC237CAA56 /* PlainTextRendererTests.swift */,
				DE376EFAA7321A761C511B45 /* RenderContextTests.swift */,
				02670C70052A0BFF18A3A2CF /* SettingsManagerTests.swift */,
				C6BA59B73EF3AAC7F3AF2274 /* StringHTMLTests.swift */,
				D59B743B5EFB7435B9954AAA /* SwiftMarkdownCoreTests.swift */,
				C5D9247F726F851B63E511B7 /* SyntaxHighlighterTests.swift */,
				5A5BCE3B3DF1F9E273618397 /* SyntaxThemeTests.swift */,
			);
			path = SwiftMarkdownTests;
			sourceTree = "<group>";
		};
		F84C4F8533DF1CF71F946E4A /* Utilities */ = {
			isa = PBXGroup;
			children = (
				FE00EC83B9FE79ABD2F975B2 /* MarkdownFileValidator.swift */,
				87150C18803EF1451036BBE8 /* String+HTML.swift */,
			);
			path = Utilities;
			sourceTree = "<group>";
		};
/* End PBXGroup section */

/* Begin PBXNativeTarget section */
		8F94EE24F1993EB642D1E5B9 /* SwiftMarkdownTests */ = {
			isa = PBXNativeTarget;
			buildConfigurationList = E08241276D2E8439C455497B /* Build configuration list for PBXNativeTarget "SwiftMarkdownTests" */;
			buildPhases = (
				13FE42BBDA78AE1E34244BC0 /* Sources */,
				57EDBB9729EF5272E8135C65 /* Frameworks */,
				C07F1C10741F8ED3EC68ACCE /* Embed Frameworks */,
			);
			buildRules = (
			);
			dependencies = (
				7035492EAD6CC87EA38A7441 /* PBXTargetDependency */,
				E863955CD78A5283024A49D0 /* PBXTargetDependency */,
			);
			name = SwiftMarkdownTests;
			packageProductDependencies = (
			);
			productName = SwiftMarkdownTests;
			productReference = 586261D1054B4DCE992C88D3 /* SwiftMarkdownTests.xctest */;
			productType = "com.apple.product-type.bundle.unit-test";
		};
		9B676B813F4457767303D496 /* SwiftMarkdownCore */ = {
			isa = PBXNativeTarget;
			buildConfigurationList = 92B1E38E48D7406D45C89E1F /* Build configuration list for PBXNativeTarget "SwiftMarkdownCore" */;
			buildPhases = (
				A6B532E7CCE286A4EAFCFCC9 /* Sources */,
				EEB9343DBE02440F75190D6A /* Resources */,
				DDA593888ADCD89036A7A925 /* Frameworks */,
			);
			buildRules = (
			);
			dependencies = (
			);
			name = SwiftMarkdownCore;
			packageProductDependencies = (
				F10350C361C31733946A2AFA /* Markdown */,
				49FDA8082BBBFFD3378F9F36 /* SwiftTreeSitter */,
				7410C581B06A6A5F9663B4CC /* FileType */,
			);
			productName = SwiftMarkdownCore;
			productReference = 95F447A42C55828BB50C30B5 /* SwiftMarkdownCore.framework */;
			productType = "com.apple.product-type.framework";
		};
		C0F52A4134B7C5A59539CAF4 /* SwiftMarkdownQuickLook */ = {
			isa = PBXNativeTarget;
			buildConfigurationList = 6644E02A2E90F6DC2F342DD8 /* Build configuration list for PBXNativeTarget "SwiftMarkdownQuickLook" */;
			buildPhases = (
				EF967B501279B378B4E8E744 /* Sources */,
				F78548C902DC62FDF7E23A54 /* Frameworks */,
			);
			buildRules = (
			);
			dependencies = (
				13210B2798AEAF91B6821FAD /* PBXTargetDependency */,
			);
			name = SwiftMarkdownQuickLook;
			packageProductDependencies = (
			);
			productName = SwiftMarkdownQuickLook;
			productReference = 6567C09B42A4181208919050 /* SwiftMarkdownQuickLook.appex */;
			productType = "com.apple.product-type.app-extension";
		};
		C4D64C271ABD6F2AB6DF7788 /* SwiftMarkdown */ = {
			isa = PBXNativeTarget;
			buildConfigurationList = EC1DA0CD7895D09228B66F78 /* Build configuration list for PBXNativeTarget "SwiftMarkdown" */;
			buildPhases = (
				06120886B79EE447F8382747 /* Sources */,
				3C8E2BF224107CC807CA6980 /* Resources */,
				AD02521113B76E787C8AED62 /* Frameworks */,
				3C0C06074F9CD8E4F9523876 /* Embed Foundation Extensions */,
				2ED1816DFEE37359E61C6044 /* Embed Frameworks */,
			);
			buildRules = (
			);
			dependencies = (
				ED11D4D3C2F82C824A355F38 /* PBXTargetDependency */,
				463A52CED45DB5908F2FAEE7 /* PBXTargetDependency */,
			);
			name = SwiftMarkdown;
			packageProductDependencies = (
			);
			productName = SwiftMarkdown;
			productReference = 3780132CA9FEA0CDFEEA695B /* SwiftMarkdown.app */;
			productType = "com.apple.product-type.application";
		};
/* End PBXNativeTarget section */

/* Begin PBXProject section */
		6D684C0DBF64172F57BB69B6 /* Project object */ = {
			isa = PBXProject;
			attributes = {
				BuildIndependentTargetsInParallel = YES;
				LastUpgradeCheck = 1500;
			};
			buildConfigurationList = A1B9F363C1D13478AD6ACAC9 /* Build configuration list for PBXProject "SwiftMarkdown" */;
			compatibilityVersion = "Xcode 14.0";
			developmentRegion = en;
			hasScannedForEncodings = 0;
			knownRegions = (
				Base,
				en,
			);
			mainGroup = 1A3364A97FAE0960421FF3F0;
			minimizedProjectReferenceProxies = 1;
			packageReferences = (
				4C27E0E4860B95768AD59C54 /* XCRemoteSwiftPackageReference "FileType" */,
				FC56BA5904EBB6373B36382C /* XCRemoteSwiftPackageReference "swift-markdown" */,
				D701BF56ACE6A5B6AAD5CEE5 /* XCRemoteSwiftPackageReference "swift-tree-sitter" */,
			);
			preferredProjectObjectVersion = 77;
			projectDirPath = "";
			projectRoot = "";
			targets = (
				C4D64C271ABD6F2AB6DF7788 /* SwiftMarkdown */,
				9B676B813F4457767303D496 /* SwiftMarkdownCore */,
				C0F52A4134B7C5A59539CAF4 /* SwiftMarkdownQuickLook */,
				8F94EE24F1993EB642D1E5B9 /* SwiftMarkdownTests */,
			);
		};
/* End PBXProject section */

/* Begin PBXResourcesBuildPhase section */
		3C8E2BF224107CC807CA6980 /* Resources */ = {
			isa = PBXResourcesBuildPhase;
			buildActionMask = 2147483647;
			files = (
				CBEBB2FA9092AD797D0FF830 /* Assets.xcassets in Resources */,
			);
			runOnlyForDeploymentPostprocessing = 0;
		};
		EEB9343DBE02440F75190D6A /* Resources */ = {
			isa = PBXResourcesBuildPhase;
			buildActionMask = 2147483647;
			files = (
				6369C1964EA36F2BFAD11691 /* highlight.css in Resources */,
			);
			runOnlyForDeploymentPostprocessing = 0;
		};
/* End PBXResourcesBuildPhase section */

/* Begin PBXSourcesBuildPhase section */
		06120886B79EE447F8382747 /* Sources */ = {
			isa = PBXSourcesBuildPhase;
			buildActionMask = 2147483647;
			files = (
				C3B167FD38C733B112E277FF /* ContentView.swift in Sources */,
				995579FCC7904D20D478CAFE /* DocumentViewModel.swift in Sources */,
				AF8F0684CF16EC5EF970B62D /* DropCapturingWebViewContainer.swift in Sources */,
				8C3CC2C3BD9A2E3829924968 /* LanguagesSettingsView.swift in Sources */,
				DCA77A3E20FB950CDEBA1EAE /* LanguagesViewModel.swift in Sources */,
				BD1C8594B820A638E7A7CE2E /* MarkdownWebView.swift in Sources */,
				BA7F9CF67F2CA0DD3BF41A89 /* SwiftMarkdownApp.swift in Sources */,
			);
			runOnlyForDeploymentPostprocessing = 0;
		};
		13FE42BBDA78AE1E34244BC0 /* Sources */ = {
			isa = PBXSourcesBuildPhase;
			buildActionMask = 2147483647;
			files = (
				1D4D4F6C986946DEFDBEE790 /* GrammarManagerTests.swift in Sources */,
				5A3162197FD39082852C1554 /* GrammarManifestTests.swift in Sources */,
				EDB84B1B268301165FBDCB45 /* HTMLRendererTests.swift in Sources */,
				EA230962EBA9CC4D80D931C7 /* HeadingRendererTests.swift in Sources */,
				4B765172AAD959C57FFDCB93 /* ImageValidatorTests.swift in Sources */,
				664BD95A5D96DCD200287267 /* MarkdownFileValidatorTests.swift in Sources */,
				C4F792554A8EB669109AD412 /* MarkdownParserTests.swift in Sources */,
				07F1D34279D9B638D91B0AA7 /* MarkdownThemeTests.swift in Sources */,
				8F28F142CAC5252C0731CA00 /* ParagraphRendererTests.swift in Sources */,
				497FDC1338C5EF65407603A9 /* PlainTextRendererTests.swift in Sources */,
				3B8961A332EDA937BE9F8510 /* RenderContextTests.swift in Sources */,
				65192B878280A16BE6EBD7C2 /* SettingsManagerTests.swift in Sources */,
				B92C700D2386D46D2189E346 /* StringHTMLTests.swift in Sources */,
				8664876EDFD44FCB3F6F20AF /* SwiftMarkdownCoreTests.swift in Sources */,
				9C2B9CA834D9FBFA2B467B8C /* SyntaxHighlighterTests.swift in Sources */,
				B6BAEE9D266B0B4E25F36503 /* SyntaxThemeTests.swift in Sources */,
			);
			runOnlyForDeploymentPostprocessing = 0;
		};
		A6B532E7CCE286A4EAFCFCC9 /* Sources */ = {
			isa = PBXSourcesBuildPhase;
			buildActionMask = 2147483647;
			files = (
				BFA78EFE0811FC9BB1CCA532 /* AsyncHTMLWalker.swift in Sources */,
				36BD2E50E187FB530399C70F /* FileSystemProtocol.swift in Sources */,
				BD9282D7285DD285D40B7411 /* GrammarError.swift in Sources */,
				CE41789129144C3BD9A4413F /* GrammarLoader.swift in Sources */,
				91AE9B4B84FEDF679211AC2C /* GrammarManager.swift in Sources */,
				8EC47975A4146FA9820BE9C6 /* GrammarManifest.swift in Sources */,
				2A2BE085D8889759487C9567 /* HTMLElementRenderer.swift in Sources */,
				4AD0857EDCD7170E75955150 /* HTMLRenderer.swift in Sources */,
				BA340EFAC205E3C8B13F4703 /* HeadingRenderer.swift in Sources */,
				54F77ED86A73956332B1BD16 /* ImageValidator.swift in Sources */,
				64165C72A942F3412114805D /* LazyTreeSitterHighlighter.swift in Sources */,
				E7DC039E672A8522E18C7785 /* MarkdownElementRenderer.swift in Sources */,
				B62DA1212D7023532FE54785 /* MarkdownFileValidator.swift in Sources */,
				9BC7D5E80962F3FB38E4A7FB /* MarkdownParser.swift in Sources */,
				6F1693EF64350907439D32E1 /* MarkdownRenderer.swift in Sources */,
				07B4AAA96569C4663CAE1A7F /* MarkdownTheme.swift in Sources */,
				28C7EAAD57C22C342E915988 /* ParagraphRenderer.swift in Sources */,
				F6E7533793D2B14E0BD4DF7F /* PlainTextRenderer.swift in Sources */,
				6A821ED92389F95EA5BB666A /* RenderContext.swift in Sources */,
				F3620E5B6496C3C6425AB0D6 /* Settings.swift in Sources */,
				EB764BC34358D77079283071 /* SettingsManager.swift in Sources */,
				2502100E7B8A3D970D3847E7 /* String+HTML.swift in Sources */,
				1ADF709C413D3EF737BD00D6 /* SwiftMarkdownCore.swift in Sources */,
				F3C0DBD72E43F100AE91CECE /* SyntaxHighlighter.swift in Sources */,
				0E5BC65A4C34D2C20A13C184 /* SyntaxTheme.swift in Sources */,
				5DEBE8F448112FD03EE248BD /* TreeSitterHighlighter.swift in Sources */,
				E7D3884E4639CDCC92F60336 /* TreeSitterTokenProcessor.swift in Sources */,
			);
			runOnlyForDeploymentPostprocessing = 0;
		};
		EF967B501279B378B4E8E744 /* Sources */ = {
			isa = PBXSourcesBuildPhase;
			buildActionMask = 2147483647;
			files = (
				1046C44370268572EE44F2BA /* PreviewViewController.swift in Sources */,
			);
			runOnlyForDeploymentPostprocessing = 0;
		};
/* End PBXSourcesBuildPhase section */

/* Begin PBXTargetDependency section */
		13210B2798AEAF91B6821FAD /* PBXTargetDependency */ = {
			isa = PBXTargetDependency;
			target = 9B676B813F4457767303D496 /* SwiftMarkdownCore */;
			targetProxy = B5306F5AEC1365BC18A5D106 /* PBXContainerItemProxy */;
		};
		463A52CED45DB5908F2FAEE7 /* PBXTargetDependency */ = {
			isa = PBXTargetDependency;
			target = C0F52A4134B7C5A59539CAF4 /* SwiftMarkdownQuickLook */;
			targetProxy = 4F58010FA1D5CB3731A23AF5 /* PBXContainerItemProxy */;
		};
		7035492EAD6CC87EA38A7441 /* PBXTargetDependency */ = {
			isa = PBXTargetDependency;
			target = 9B676B813F4457767303D496 /* SwiftMarkdownCore */;
			targetProxy = CF119784FCE18A5539994EFD /* PBXContainerItemProxy */;
		};
		E863955CD78A5283024A49D0 /* PBXTargetDependency */ = {
			isa = PBXTargetDependency;
			target = C4D64C271ABD6F2AB6DF7788 /* SwiftMarkdown */;
			targetProxy = 134190C903BF47443118C006 /* PBXContainerItemProxy */;
		};
		ED11D4D3C2F82C824A355F38 /* PBXTargetDependency */ = {
			isa = PBXTargetDependency;
			target = 9B676B813F4457767303D496 /* SwiftMarkdownCore */;
			targetProxy = D3CDB38F47B967389B640BA8 /* PBXContainerItemProxy */;
		};
/* End PBXTargetDependency section */

/* Begin XCBuildConfiguration section */
		048BE6FBAB07ABF7DDB66B4C /* Release */ = {
			isa = XCBuildConfiguration;
			buildSettings = {
				ALWAYS_SEARCH_USER_PATHS = NO;
				CLANG_ANALYZER_NONNULL = YES;
				CLANG_ANALYZER_NUMBER_OBJECT_CONVERSION = YES_AGGRESSIVE;
				CLANG_CXX_LANGUAGE_STANDARD = "gnu++14";
				CLANG_CXX_LIBRARY = "libc++";
				CLANG_ENABLE_MODULES = YES;
				CLANG_ENABLE_OBJC_ARC = YES;
				CLANG_ENABLE_OBJC_WEAK = YES;
				CLANG_WARN_BLOCK_CAPTURE_AUTORELEASING = YES;
				CLANG_WARN_BOOL_CONVERSION = YES;
				CLANG_WARN_COMMA = YES;
				CLANG_WARN_CONSTANT_CONVERSION = YES;
				CLANG_WARN_DEPRECATED_OBJC_IMPLEMENTATIONS = YES;
				CLANG_WARN_DIRECT_OBJC_ISA_USAGE = YES_ERROR;
				CLANG_WARN_DOCUMENTATION_COMMENTS = YES;
				CLANG_WARN_EMPTY_BODY = YES;
				CLANG_WARN_ENUM_CONVERSION = YES;
				CLANG_WARN_INFINITE_RECURSION = YES;
				CLANG_WARN_INT_CONVERSION = YES;
				CLANG_WARN_NON_LITERAL_NULL_CONVERSION = YES;
				CLANG_WARN_OBJC_IMPLICIT_RETAIN_SELF = YES;
				CLANG_WARN_OBJC_LITERAL_CONVERSION = YES;
				CLANG_WARN_OBJC_ROOT_CLASS = YES_ERROR;
				CLANG_WARN_QUOTED_INCLUDE_IN_FRAMEWORK_HEADER = YES;
				CLANG_WARN_RANGE_LOOP_ANALYSIS = YES;
				CLANG_WARN_STRICT_PROTOTYPES = YES;
				CLANG_WARN_SUSPICIOUS_MOVE = YES;
				CLANG_WARN_UNGUARDED_AVAILABILITY = YES_AGGRESSIVE;
				CLANG_WARN_UNREACHABLE_CODE = YES;
				CLANG_WARN__DUPLICATE_METHOD_MATCH = YES;
				CODE_SIGNING_REQUIRED = NO;
				CODE_SIGN_ENTITLEMENTS = "";
				CODE_SIGN_IDENTITY = "-";
				COPY_PHASE_STRIP = NO;
				DEBUG_INFORMATION_FORMAT = "dwarf-with-dsym";
				ENABLE_NS_ASSERTIONS = NO;
				ENABLE_STRICT_OBJC_MSGSEND = YES;
				GCC_C_LANGUAGE_STANDARD = gnu11;
				GCC_NO_COMMON_BLOCKS = YES;
				GCC_WARN_64_TO_32_BIT_CONVERSION = YES;
				GCC_WARN_ABOUT_RETURN_TYPE = YES_ERROR;
				GCC_WARN_UNDECLARED_SELECTOR = YES;
				GCC_WARN_UNINITIALIZED_AUTOS = YES_AGGRESSIVE;
				GCC_WARN_UNUSED_FUNCTION = YES;
				GCC_WARN_UNUSED_VARIABLE = YES;
				MACOSX_DEPLOYMENT_TARGET = 13.0;
				MTL_ENABLE_DEBUG_INFO = NO;
				MTL_FAST_MATH = YES;
				PRODUCT_NAME = "$(TARGET_NAME)";
				SDKROOT = macosx;
				SWIFT_COMPILATION_MODE = wholemodule;
				SWIFT_OPTIMIZATION_LEVEL = "-O";
				SWIFT_VERSION = 5.9;
			};
			name = Release;
		};
		0AC0A2AD769628D6822A07BF /* Debug */ = {
			isa = XCBuildConfiguration;
			buildSettings = {
				CODE_SIGN_IDENTITY = "";
				COMBINE_HIDPI_IMAGES = YES;
				CURRENT_PROJECT_VERSION = 1;
				DEFINES_MODULE = YES;
				DYLIB_COMPATIBILITY_VERSION = 1;
				DYLIB_CURRENT_VERSION = 1;
				DYLIB_INSTALL_NAME_BASE = "@rpath";
				INFOPLIST_FILE = SwiftMarkdownCore/Info.plist;
				INSTALL_PATH = "$(LOCAL_LIBRARY_DIR)/Frameworks";
				LD_RUNPATH_SEARCH_PATHS = (
					"$(inherited)",
					"@executable_path/../Frameworks",
				);
				PRODUCT_BUNDLE_IDENTIFIER = "com.open-cli-collective.SwiftMarkdownCore";
				PRODUCT_NAME = SwiftMarkdownCore;
				SDKROOT = macosx;
				SKIP_INSTALL = YES;
				VERSIONING_SYSTEM = "apple-generic";
			};
			name = Debug;
		};
		647707AEAA4629BE3E2F6416 /* Release */ = {
			isa = XCBuildConfiguration;
			buildSettings = {
				CODE_SIGN_IDENTITY = "";
				COMBINE_HIDPI_IMAGES = YES;
				CURRENT_PROJECT_VERSION = 1;
				DEFINES_MODULE = YES;
				DYLIB_COMPATIBILITY_VERSION = 1;
				DYLIB_CURRENT_VERSION = 1;
				DYLIB_INSTALL_NAME_BASE = "@rpath";
				INFOPLIST_FILE = SwiftMarkdownCore/Info.plist;
				INSTALL_PATH = "$(LOCAL_LIBRARY_DIR)/Frameworks";
				LD_RUNPATH_SEARCH_PATHS = (
					"$(inherited)",
					"@executable_path/../Frameworks",
				);
				PRODUCT_BUNDLE_IDENTIFIER = "com.open-cli-collective.SwiftMarkdownCore";
				PRODUCT_NAME = SwiftMarkdownCore;
				SDKROOT = macosx;
				SKIP_INSTALL = YES;
				VERSIONING_SYSTEM = "apple-generic";
			};
			name = Release;
		};
		988CD170C8D2EEA38CC05A54 /* Release */ = {
			isa = XCBuildConfiguration;
			buildSettings = {
				BUNDLE_LOADER = "$(TEST_HOST)";
				COMBINE_HIDPI_IMAGES = YES;
				INFOPLIST_FILE = SwiftMarkdownTests/Info.plist;
				LD_RUNPATH_SEARCH_PATHS = (
					"$(inherited)",
					"@executable_path/../Frameworks",
					"@loader_path/../Frameworks",
				);
				PRODUCT_BUNDLE_IDENTIFIER = "com.open-cli-collective.SwiftMarkdownTests";
				PRODUCT_NAME = SwiftMarkdownTests;
				SDKROOT = macosx;
				TEST_HOST = "$(BUILT_PRODUCTS_DIR)/SwiftMarkdown.app/Contents/MacOS/SwiftMarkdown";
			};
			name = Release;
		};
		A1CB7F399BEF9A65418FA1FF /* Debug */ = {
			isa = XCBuildConfiguration;
			buildSettings = {
				ASSETCATALOG_COMPILER_APPICON_NAME = AppIcon;
				CODE_SIGN_ENTITLEMENTS = SwiftMarkdown/SwiftMarkdown.entitlements;
				COMBINE_HIDPI_IMAGES = YES;
				INFOPLIST_FILE = SwiftMarkdown/Info.plist;
				LD_RUNPATH_SEARCH_PATHS = (
					"$(inherited)",
					"@executable_path/../Frameworks",
				);
				PRODUCT_BUNDLE_IDENTIFIER = "com.open-cli-collective.SwiftMarkdown";
				PRODUCT_NAME = SwiftMarkdown;
				SDKROOT = macosx;
			};
			name = Debug;
		};
		A21C2ED2264F643F7BE9FFF5 /* Release */ = {
			isa = XCBuildConfiguration;
			buildSettings = {
				COMBINE_HIDPI_IMAGES = YES;
				INFOPLIST_FILE = SwiftMarkdownQuickLook/Info.plist;
				LD_RUNPATH_SEARCH_PATHS = (
					"$(inherited)",
					"@executable_path/../Frameworks",
					"@loader_path/../Frameworks",
				);
				PRODUCT_BUNDLE_IDENTIFIER = "com.open-cli-collective.SwiftMarkdown.QuickLook";
				PRODUCT_NAME = SwiftMarkdownQuickLook;
				SDKROOT = macosx;
			};
			name = Release;
		};
		C533D549CA91563BD4D88152 /* Debug */ = {
			isa = XCBuildConfiguration;
			buildSettings = {
				ALWAYS_SEARCH_USER_PATHS = NO;
				CLANG_ANALYZER_NONNULL = YES;
				CLANG_ANALYZER_NUMBER_OBJECT_CONVERSION = YES_AGGRESSIVE;
				CLANG_CXX_LANGUAGE_STANDARD = "gnu++14";
				CLANG_CXX_LIBRARY = "libc++";
				CLANG_ENABLE_MODULES = YES;
				CLANG_ENABLE_OBJC_ARC = YES;
				CLANG_ENABLE_OBJC_WEAK = YES;
				CLANG_WARN_BLOCK_CAPTURE_AUTORELEASING = YES;
				CLANG_WARN_BOOL_CONVERSION = YES;
				CLANG_WARN_COMMA = YES;
				CLANG_WARN_CONSTANT_CONVERSION = YES;
				CLANG_WARN_DEPRECATED_OBJC_IMPLEMENTATIONS = YES;
				CLANG_WARN_DIRECT_OBJC_ISA_USAGE = YES_ERROR;
				CLANG_WARN_DOCUMENTATION_COMMENTS = YES;
				CLANG_WARN_EMPTY_BODY = YES;
				CLANG_WARN_ENUM_CONVERSION = YES;
				CLANG_WARN_INFINITE_RECURSION = YES;
				CLANG_WARN_INT_CONVERSION = YES;
				CLANG_WARN_NON_LITERAL_NULL_CONVERSION = YES;
				CLANG_WARN_OBJC_IMPLICIT_RETAIN_SELF = YES;
				CLANG_WARN_OBJC_LITERAL_CONVERSION = YES;
				CLANG_WARN_OBJC_ROOT_CLASS = YES_ERROR;
				CLANG_WARN_QUOTED_INCLUDE_IN_FRAMEWORK_HEADER = YES;
				CLANG_WARN_RANGE_LOOP_ANALYSIS = YES;
				CLANG_WARN_STRICT_PROTOTYPES = YES;
				CLANG_WARN_SUSPICIOUS_MOVE = YES;
				CLANG_WARN_UNGUARDED_AVAILABILITY = YES_AGGRESSIVE;
				CLANG_WARN_UNREACHABLE_CODE = YES;
				CLANG_WARN__DUPLICATE_METHOD_MATCH = YES;
				CODE_SIGNING_REQUIRED = NO;
				CODE_SIGN_ENTITLEMENTS = "";
				CODE_SIGN_IDENTITY = "-";
				COPY_PHASE_STRIP = NO;
				DEBUG_INFORMATION_FORMAT = dwarf;
				ENABLE_STRICT_OBJC_MSGSEND = YES;
				ENABLE_TESTABILITY = YES;
				GCC_C_LANGUAGE_STANDARD = gnu11;
				GCC_DYNAMIC_NO_PIC = NO;
				GCC_NO_COMMON_BLOCKS = YES;
				GCC_OPTIMIZATION_LEVEL = 0;
				GCC_PREPROCESSOR_DEFINITIONS = (
					"$(inherited)",
					"DEBUG=1",
				);
				GCC_WARN_64_TO_32_BIT_CONVERSION = YES;
				GCC_WARN_ABOUT_RETURN_TYPE = YES_ERROR;
				GCC_WARN_UNDECLARED_SELECTOR = YES;
				GCC_WARN_UNINITIALIZED_AUTOS = YES_AGGRESSIVE;
				GCC_WARN_UNUSED_FUNCTION = YES;
				GCC_WARN_UNUSED_VARIABLE = YES;
				MACOSX_DEPLOYMENT_TARGET = 13.0;
				MTL_ENABLE_DEBUG_INFO = INCLUDE_SOURCE;
				MTL_FAST_MATH = YES;
				ONLY_ACTIVE_ARCH = YES;
				PRODUCT_NAME = "$(TARGET_NAME)";
				SDKROOT = macosx;
				SWIFT_ACTIVE_COMPILATION_CONDITIONS = DEBUG;
				SWIFT_OPTIMIZATION_LEVEL = "-Onone";
				SWIFT_VERSION = 5.9;
			};
			name = Debug;
		};
		CFC5368E81A42AD902825694 /* Debug */ = {
			isa = XCBuildConfiguration;
			buildSettings = {
				COMBINE_HIDPI_IMAGES = YES;
				INFOPLIST_FILE = SwiftMarkdownQuickLook/Info.plist;
				LD_RUNPATH_SEARCH_PATHS = (
					"$(inherited)",
					"@executable_path/../Frameworks",
					"@loader_path/../Frameworks",
				);
				PRODUCT_BUNDLE_IDENTIFIER = "com.open-cli-collective.SwiftMarkdown.QuickLook";
				PRODUCT_NAME = SwiftMarkdownQuickLook;
				SDKROOT = macosx;
			};
			name = Debug;
		};
		E12391E82EC24A9B46202244 /* Release */ = {
			isa = XCBuildConfiguration;
			buildSettings = {
				ASSETCATALOG_COMPILER_APPICON_NAME = AppIcon;
				CODE_SIGN_ENTITLEMENTS = SwiftMarkdown/SwiftMarkdown.entitlements;
				COMBINE_HIDPI_IMAGES = YES;
				INFOPLIST_FILE = SwiftMarkdown/Info.plist;
				LD_RUNPATH_SEARCH_PATHS = (
					"$(inherited)",
					"@executable_path/../Frameworks",
				);
				PRODUCT_BUNDLE_IDENTIFIER = "com.open-cli-collective.SwiftMarkdown";
				PRODUCT_NAME = SwiftMarkdown;
				SDKROOT = macosx;
			};
			name = Release;
		};
		ECA1866F8D614C4348C09DA0 /* Debug */ = {
			isa = XCBuildConfiguration;
			buildSettings = {
				BUNDLE_LOADER = "$(TEST_HOST)";
				COMBINE_HIDPI_IMAGES = YES;
				INFOPLIST_FILE = SwiftMarkdownTests/Info.plist;
				LD_RUNPATH_SEARCH_PATHS = (
					"$(inherited)",
					"@executable_path/../Frameworks",
					"@loader_path/../Frameworks",
				);
				PRODUCT_BUNDLE_IDENTIFIER = "com.open-cli-collective.SwiftMarkdownTests";
				PRODUCT_NAME = SwiftMarkdownTests;
				SDKROOT = macosx;
				TEST_HOST = "$(BUILT_PRODUCTS_DIR)/SwiftMarkdown.app/Contents/MacOS/SwiftMarkdown";
			};
			name = Debug;
		};
/* End XCBuildConfiguration section */

/* Begin XCConfigurationList section */
		6644E02A2E90F6DC2F342DD8 /* Build configuration list for PBXNativeTarget "SwiftMarkdownQuickLook" */ = {
			isa = XCConfigurationList;
			buildConfigurations = (
				CFC5368E81A42AD902825694 /* Debug */,
				A21C2ED2264F643F7BE9FFF5 /* Release */,
			);
			defaultConfigurationIsVisible = 0;
			defaultConfigurationName = Debug;
		};
		92B1E38E48D7406D45C89E1F /* Build configuration list for PBXNativeTarget "SwiftMarkdownCore" */ = {
			isa = XCConfigurationList;
			buildConfigurations = (
				0AC0A2AD769628D6822A07BF /* Debug */,
				647707AEAA4629BE3E2F6416 /* Release */,
			);
			defaultConfigurationIsVisible = 0;
			defaultConfigurationName = Debug;
		};
		A1B9F363C1D13478AD6ACAC9 /* Build configuration list for PBXProject "SwiftMarkdown" */ = {
			isa = XCConfigurationList;
			buildConfigurations = (
				C533D549CA91563BD4D88152 /* Debug */,
				048BE6FBAB07ABF7DDB66B4C /* Release */,
			);
			defaultConfigurationIsVisible = 0;
			defaultConfigurationName = Debug;
		};
		E08241276D2E8439C455497B /* Build configuration list for PBXNativeTarget "SwiftMarkdownTests" */ = {
			isa = XCConfigurationList;
			buildConfigurations = (
				ECA1866F8D614C4348C09DA0 /* Debug */,
				988CD170C8D2EEA38CC05A54 /* Release */,
			);
			defaultConfigurationIsVisible = 0;
			defaultConfigurationName = Debug;
		};
		EC1DA0CD7895D09228B66F78 /* Build configuration list for PBXNativeTarget "SwiftMarkdown" */ = {
			isa = XCConfigurationList;
			buildConfigurations = (
				A1CB7F399BEF9A65418FA1FF /* Debug */,
				E12391E82EC24A9B46202244 /* Release */,
			);
			defaultConfigurationIsVisible = 0;
			defaultConfigurationName = Debug;
		};
/* End XCConfigurationList section */

/* Begin XCRemoteSwiftPackageReference section */
		4C27E0E4860B95768AD59C54 /* XCRemoteSwiftPackageReference "FileType" */ = {
			isa = XCRemoteSwiftPackageReference;
			repositoryURL = "https://github.com/velocityzen/FileType";
			requirement = {
				kind = upToNextMajorVersion;
				minimumVersion = 1.0.3;
			};
		};
		D701BF56ACE6A5B6AAD5CEE5 /* XCRemoteSwiftPackageReference "swift-tree-sitter" */ = {
			isa = XCRemoteSwiftPackageReference;
			repositoryURL = "https://github.com/tree-sitter/swift-tree-sitter";
			requirement = {
				kind = upToNextMajorVersion;
				minimumVersion = 0.9.0;
			};
		};
		FC56BA5904EBB6373B36382C /* XCRemoteSwiftPackageReference "swift-markdown" */ = {
			isa = XCRemoteSwiftPackageReference;
			repositoryURL = "https://github.com/swiftlang/swift-markdown";
			requirement = {
				kind = upToNextMajorVersion;
				minimumVersion = 0.4.0;
			};
		};
/* End XCRemoteSwiftPackageReference section */

/* Begin XCSwiftPackageProductDependency section */
		49FDA8082BBBFFD3378F9F36 /* SwiftTreeSitter */ = {
			isa = XCSwiftPackageProductDependency;
			package = D701BF56ACE6A5B6AAD5CEE5 /* XCRemoteSwiftPackageReference "swift-tree-sitter" */;
			productName = SwiftTreeSitter;
		};
		7410C581B06A6A5F9663B4CC /* FileType */ = {
			isa = XCSwiftPackageProductDependency;
			package = 4C27E0E4860B95768AD59C54 /* XCRemoteSwiftPackageReference "FileType" */;
			productName = FileType;
		};
		F10350C361C31733946A2AFA /* Markdown */ = {
			isa = XCSwiftPackageProductDependency;
			package = FC56BA5904EBB6373B36382C /* XCRemoteSwiftPackageReference "swift-markdown" */;
			productName = Markdown;
		};
/* End XCSwiftPackageProductDependency section */
	};
	rootObject = 6D684C0DBF64172F57BB69B6 /* Project object */;
}
